// !$*UTF8*$!
{
	archiveVersion = 1;
	classes = {
	};
	objectVersion = 46;
	objects = {

/* Begin PBXBuildFile section */
		28C3E4B61C439DE600F56FEF /* main.m in Sources */ = {isa = PBXBuildFile; fileRef = 28C3E4B51C439DE600F56FEF /* main.m */; };
		28C3E4B91C439DE600F56FEF /* AppDelegate.m in Sources */ = {isa = PBXBuildFile; fileRef = 28C3E4B81C439DE600F56FEF /* AppDelegate.m */; };
		28C3E4BC1C439DE600F56FEF /* ViewController.m in Sources */ = {isa = PBXBuildFile; fileRef = 28C3E4BB1C439DE600F56FEF /* ViewController.m */; };
		28C3E4BF1C439DE600F56FEF /* Main.storyboard in Resources */ = {isa = PBXBuildFile; fileRef = 28C3E4BD1C439DE600F56FEF /* Main.storyboard */; };
		28C3E4C11C439DE600F56FEF /* Assets.xcassets in Resources */ = {isa = PBXBuildFile; fileRef = 28C3E4C01C439DE600F56FEF /* Assets.xcassets */; };
		28C3E4C41C439DE600F56FEF /* LaunchScreen.storyboard in Resources */ = {isa = PBXBuildFile; fileRef = 28C3E4C21C439DE600F56FEF /* LaunchScreen.storyboard */; };
		28C3E4CF1C439DE600F56FEF /* gl_3Tests.m in Sources */ = {isa = PBXBuildFile; fileRef = 28C3E4CE1C439DE600F56FEF /* gl_3Tests.m */; };
		28C3E4DA1C439DE600F56FEF /* gl_3UITests.m in Sources */ = {isa = PBXBuildFile; fileRef = 28C3E4D91C439DE600F56FEF /* gl_3UITests.m */; };
		28C3E4E91C439E1100F56FEF /* OpenGLView.m in Sources */ = {isa = PBXBuildFile; fileRef = 28C3E4E81C439E1100F56FEF /* OpenGLView.m */; };
		28C3E4EC1C439E4F00F56FEF /* ShaderManager.m in Sources */ = {isa = PBXBuildFile; fileRef = 28C3E4EB1C439E4F00F56FEF /* ShaderManager.m */; };
		28C3E4EE1C43A15900F56FEF /* VertexShader.glsl in Resources */ = {isa = PBXBuildFile; fileRef = 28C3E4ED1C43A15900F56FEF /* VertexShader.glsl */; };
		28C3E4F01C43A16500F56FEF /* FragmentShader.glsl in Resources */ = {isa = PBXBuildFile; fileRef = 28C3E4EF1C43A16500F56FEF /* FragmentShader.glsl */; };
		28C3E4F81C43C8B900F56FEF /* GLESUtils.m in Sources */ = {isa = PBXBuildFile; fileRef = 28C3E4F31C43C8B900F56FEF /* GLESUtils.m */; };
		28C3E4F91C43C8B900F56FEF /* ksMatrix.c in Sources */ = {isa = PBXBuildFile; fileRef = 28C3E4F41C43C8B900F56FEF /* ksMatrix.c */; };
		28C3E4FA1C43C8B900F56FEF /* ksVector.c in Sources */ = {isa = PBXBuildFile; fileRef = 28C3E4F61C43C8B900F56FEF /* ksVector.c */; };
/* End PBXBuildFile section */

/* Begin PBXContainerItemProxy section */
		28C3E4CB1C439DE600F56FEF /* PBXContainerItemProxy */ = {
			isa = PBXContainerItemProxy;
			containerPortal = 28C3E4A91C439DE600F56FEF /* Project object */;
			proxyType = 1;
			remoteGlobalIDString = 28C3E4B01C439DE600F56FEF;
			remoteInfo = gl_3;
		};
		28C3E4D61C439DE600F56FEF /* PBXContainerItemProxy */ = {
			isa = PBXContainerItemProxy;
			containerPortal = 28C3E4A91C439DE600F56FEF /* Project object */;
			proxyType = 1;
			remoteGlobalIDString = 28C3E4B01C439DE600F56FEF;
			remoteInfo = gl_3;
		};
/* End PBXContainerItemProxy section */

/* Begin PBXFileReference section */
		28C3E4B11C439DE600F56FEF /* gl_3.app */ = {isa = PBXFileReference; explicitFileType = wrapper.application; includeInIndex = 0; path = gl_3.app; sourceTree = BUILT_PRODUCTS_DIR; };
		28C3E4B51C439DE600F56FEF /* main.m */ = {isa = PBXFileReference; lastKnownFileType = sourcecode.c.objc; path = main.m; sourceTree = "<group>"; };
		28C3E4B71C439DE600F56FEF /* AppDelegate.h */ = {isa = PBXFileReference; lastKnownFileType = sourcecode.c.h; path = AppDelegate.h; sourceTree = "<group>"; };
		28C3E4B81C439DE600F56FEF /* AppDelegate.m */ = {isa = PBXFileReference; lastKnownFileType = sourcecode.c.objc; path = AppDelegate.m; sourceTree = "<group>"; };
		28C3E4BA1C439DE600F56FEF /* ViewController.h */ = {isa = PBXFileReference; lastKnownFileType = sourcecode.c.h; path = ViewController.h; sourceTree = "<group>"; };
		28C3E4BB1C439DE600F56FEF /* ViewController.m */ = {isa = PBXFileReference; lastKnownFileType = sourcecode.c.objc; path = ViewController.m; sourceTree = "<group>"; };
		28C3E4BE1C439DE600F56FEF /* Base */ = {isa = PBXFileReference; lastKnownFileType = file.storyboard; name = Base; path = Base.lproj/Main.storyboard; sourceTree = "<group>"; };
		28C3E4C01C439DE600F56FEF /* Assets.xcassets */ = {isa = PBXFileReference; lastKnownFileType = folder.assetcatalog; path = Assets.xcassets; sourceTree = "<group>"; };
		28C3E4C31C439DE600F56FEF /* Base */ = {isa = PBXFileReference; lastKnownFileType = file.storyboard; name = Base; path = Base.lproj/LaunchScreen.storyboard; sourceTree = "<group>"; };
		28C3E4C51C439DE600F56FEF /* Info.plist */ = {isa = PBXFileReference; lastKnownFileType = text.plist.xml; path = Info.plist; sourceTree = "<group>"; };
		28C3E4CA1C439DE600F56FEF /* gl_3Tests.xctest */ = {isa = PBXFileReference; explicitFileType = wrapper.cfbundle; includeInIndex = 0; path = gl_3Tests.xctest; sourceTree = BUILT_PRODUCTS_DIR; };
		28C3E4CE1C439DE600F56FEF /* gl_3Tests.m */ = {isa = PBXFileReference; lastKnownFileType = sourcecode.c.objc; path = gl_3Tests.m; sourceTree = "<group>"; };
		28C3E4D01C439DE600F56FEF /* Info.plist */ = {isa = PBXFileReference; lastKnownFileType = text.plist.xml; path = Info.plist; sourceTree = "<group>"; };
		28C3E4D51C439DE600F56FEF /* gl_3UITests.xctest */ = {isa = PBXFileReference; explicitFileType = wrapper.cfbundle; includeInIndex = 0; path = gl_3UITests.xctest; sourceTree = BUILT_PRODUCTS_DIR; };
		28C3E4D91C439DE600F56FEF /* gl_3UITests.m */ = {isa = PBXFileReference; lastKnownFileType = sourcecode.c.objc; path = gl_3UITests.m; sourceTree = "<group>"; };
		28C3E4DB1C439DE600F56FEF /* Info.plist */ = {isa = PBXFileReference; lastKnownFileType = text.plist.xml; path = Info.plist; sourceTree = "<group>"; };
		28C3E4E71C439E1100F56FEF /* OpenGLView.h */ = {isa = PBXFileReference; fileEncoding = 4; lastKnownFileType = sourcecode.c.h; path = OpenGLView.h; sourceTree = "<group>"; };
		28C3E4E81C439E1100F56FEF /* OpenGLView.m */ = {isa = PBXFileReference; fileEncoding = 4; lastKnownFileType = sourcecode.c.objc; path = OpenGLView.m; sourceTree = "<group>"; };
		28C3E4EA1C439E4F00F56FEF /* ShaderManager.h */ = {isa = PBXFileReference; fileEncoding = 4; lastKnownFileType = sourcecode.c.h; path = ShaderManager.h; sourceTree = "<group>"; };
		28C3E4EB1C439E4F00F56FEF /* ShaderManager.m */ = {isa = PBXFileReference; fileEncoding = 4; lastKnownFileType = sourcecode.c.objc; path = ShaderManager.m; sourceTree = "<group>"; };
		28C3E4ED1C43A15900F56FEF /* VertexShader.glsl */ = {isa = PBXFileReference; fileEncoding = 4; lastKnownFileType = text; path = VertexShader.glsl; sourceTree = "<group>"; };
		28C3E4EF1C43A16500F56FEF /* FragmentShader.glsl */ = {isa = PBXFileReference; fileEncoding = 4; lastKnownFileType = text; path = FragmentShader.glsl; sourceTree = "<group>"; };
		28C3E4F21C43C8B900F56FEF /* GLESUtils.h */ = {isa = PBXFileReference; fileEncoding = 4; lastKnownFileType = sourcecode.c.h; path = GLESUtils.h; sourceTree = "<group>"; };
		28C3E4F31C43C8B900F56FEF /* GLESUtils.m */ = {isa = PBXFileReference; fileEncoding = 4; lastKnownFileType = sourcecode.c.objc; path = GLESUtils.m; sourceTree = "<group>"; };
		28C3E4F41C43C8B900F56FEF /* ksMatrix.c */ = {isa = PBXFileReference; fileEncoding = 4; lastKnownFileType = sourcecode.c.c; path = ksMatrix.c; sourceTree = "<group>"; };
		28C3E4F51C43C8B900F56FEF /* ksMatrix.h */ = {isa = PBXFileReference; fileEncoding = 4; lastKnownFileType = sourcecode.c.h; path = ksMatrix.h; sourceTree = "<group>"; };
		28C3E4F61C43C8B900F56FEF /* ksVector.c */ = {isa = PBXFileReference; fileEncoding = 4; lastKnownFileType = sourcecode.c.c; path = ksVector.c; sourceTree = "<group>"; };
		28C3E4F71C43C8B900F56FEF /* ksVector.h */ = {isa = PBXFileReference; fileEncoding = 4; lastKnownFileType = sourcecode.c.h; path = ksVector.h; sourceTree = "<group>"; };
/* End PBXFileReference section */

/* Begin PBXFrameworksBuildPhase section */
		28C3E4AE1C439DE600F56FEF /* Frameworks */ = {
			isa = PBXFrameworksBuildPhase;
			buildActionMask = 2147483647;
			files = (
			);
			runOnlyForDeploymentPostprocessing = 0;
		};
		28C3E4C71C439DE600F56FEF /* Frameworks */ = {
			isa = PBXFrameworksBuildPhase;
			buildActionMask = 2147483647;
			files = (
			);
			runOnlyForDeploymentPostprocessing = 0;
		};
		28C3E4D21C439DE600F56FEF /* Frameworks */ = {
			isa = PBXFrameworksBuildPhase;
			buildActionMask = 2147483647;
			files = (
			);
			runOnlyForDeploymentPostprocessing = 0;
		};
/* End PBXFrameworksBuildPhase section */

/* Begin PBXGroup section */
		28C3E4A81C439DE600F56FEF = {
			isa = PBXGroup;
			children = (
				28C3E4B31C439DE600F56FEF /* gl_3 */,
				28C3E4CD1C439DE600F56FEF /* gl_3Tests */,
				28C3E4D81C439DE600F56FEF /* gl_3UITests */,
				28C3E4B21C439DE600F56FEF /* Products */,
			);
			sourceTree = "<group>";
		};
		28C3E4B21C439DE600F56FEF /* Products */ = {
			isa = PBXGroup;
			children = (
				28C3E4B11C439DE600F56FEF /* gl_3.app */,
				28C3E4CA1C439DE600F56FEF /* gl_3Tests.xctest */,
				28C3E4D51C439DE600F56FEF /* gl_3UITests.xctest */,
			);
			name = Products;
			sourceTree = "<group>";
		};
		28C3E4B31C439DE600F56FEF /* gl_3 */ = {
			isa = PBXGroup;
			children = (
				28C3E4F11C43C8B900F56FEF /* Utils */,
				28C3E4B71C439DE600F56FEF /* AppDelegate.h */,
				28C3E4B81C439DE600F56FEF /* AppDelegate.m */,
				28C3E4BA1C439DE600F56FEF /* ViewController.h */,
				28C3E4BB1C439DE600F56FEF /* ViewController.m */,
				28C3E4E71C439E1100F56FEF /* OpenGLView.h */,
				28C3E4E81C439E1100F56FEF /* OpenGLView.m */,
				28C3E4EA1C439E4F00F56FEF /* ShaderManager.h */,
				28C3E4EB1C439E4F00F56FEF /* ShaderManager.m */,
				28C3E4ED1C43A15900F56FEF /* VertexShader.glsl */,
				28C3E4EF1C43A16500F56FEF /* FragmentShader.glsl */,
				28C3E4BD1C439DE600F56FEF /* Main.storyboard */,
				28C3E4C01C439DE600F56FEF /* Assets.xcassets */,
				28C3E4C21C439DE600F56FEF /* LaunchScreen.storyboard */,
				28C3E4C51C439DE600F56FEF /* Info.plist */,
				28C3E4B41C439DE600F56FEF /* Supporting Files */,
			);
			path = gl_3;
			sourceTree = "<group>";
		};
		28C3E4B41C439DE600F56FEF /* Supporting Files */ = {
			isa = PBXGroup;
			children = (
				28C3E4B51C439DE600F56FEF /* main.m */,
			);
			name = "Supporting Files";
			sourceTree = "<group>";
		};
		28C3E4CD1C439DE600F56FEF /* gl_3Tests */ = {
			isa = PBXGroup;
			children = (
				28C3E4CE1C439DE600F56FEF /* gl_3Tests.m */,
				28C3E4D01C439DE600F56FEF /* Info.plist */,
			);
			path = gl_3Tests;
			sourceTree = "<group>";
		};
		28C3E4D81C439DE600F56FEF /* gl_3UITests */ = {
			isa = PBXGroup;
			children = (
				28C3E4D91C439DE600F56FEF /* gl_3UITests.m */,
				28C3E4DB1C439DE600F56FEF /* Info.plist */,
			);
			path = gl_3UITests;
			sourceTree = "<group>";
		};
		28C3E4F11C43C8B900F56FEF /* Utils */ = {
			isa = PBXGroup;
			children = (
				28C3E4F21C43C8B900F56FEF /* GLESUtils.h */,
				28C3E4F31C43C8B900F56FEF /* GLESUtils.m */,
				28C3E4F41C43C8B900F56FEF /* ksMatrix.c */,
				28C3E4F51C43C8B900F56FEF /* ksMatrix.h */,
				28C3E4F61C43C8B900F56FEF /* ksVector.c */,
				28C3E4F71C43C8B900F56FEF /* ksVector.h */,
			);
			path = Utils;
			sourceTree = "<group>";
		};
/* End PBXGroup section */

/* Begin PBXNativeTarget section */
		28C3E4B01C439DE600F56FEF /* gl_3 */ = {
			isa = PBXNativeTarget;
			buildConfigurationList = 28C3E4DE1C439DE600F56FEF /* Build configuration list for PBXNativeTarget "gl_3" */;
			buildPhases = (
				28C3E4AD1C439DE600F56FEF /* Sources */,
				28C3E4AE1C439DE600F56FEF /* Frameworks */,
				28C3E4AF1C439DE600F56FEF /* Resources */,
			);
			buildRules = (
			);
			dependencies = (
			);
			name = gl_3;
			productName = gl_3;
			productReference = 28C3E4B11C439DE600F56FEF /* gl_3.app */;
			productType = "com.apple.product-type.application";
		};
		28C3E4C91C439DE600F56FEF /* gl_3Tests */ = {
			isa = PBXNativeTarget;
			buildConfigurationList = 28C3E4E11C439DE600F56FEF /* Build configuration list for PBXNativeTarget "gl_3Tests" */;
			buildPhases = (
				28C3E4C61C439DE600F56FEF /* Sources */,
				28C3E4C71C439DE600F56FEF /* Frameworks */,
				28C3E4C81C439DE600F56FEF /* Resources */,
			);
			buildRules = (
			);
			dependencies = (
				28C3E4CC1C439DE600F56FEF /* PBXTargetDependency */,
			);
			name = gl_3Tests;
			productName = gl_3Tests;
			productReference = 28C3E4CA1C439DE600F56FEF /* gl_3Tests.xctest */;
			productType = "com.apple.product-type.bundle.unit-test";
		};
		28C3E4D41C439DE600F56FEF /* gl_3UITests */ = {
			isa = PBXNativeTarget;
			buildConfigurationList = 28C3E4E41C439DE600F56FEF /* Build configuration list for PBXNativeTarget "gl_3UITests" */;
			buildPhases = (
				28C3E4D11C439DE600F56FEF /* Sources */,
				28C3E4D21C439DE600F56FEF /* Frameworks */,
				28C3E4D31C439DE600F56FEF /* Resources */,
			);
			buildRules = (
			);
			dependencies = (
				28C3E4D71C439DE600F56FEF /* PBXTargetDependency */,
			);
			name = gl_3UITests;
			productName = gl_3UITests;
			productReference = 28C3E4D51C439DE600F56FEF /* gl_3UITests.xctest */;
			productType = "com.apple.product-type.bundle.ui-testing";
		};
/* End PBXNativeTarget section */

/* Begin PBXProject section */
		28C3E4A91C439DE600F56FEF /* Project object */ = {
			isa = PBXProject;
			attributes = {
				LastUpgradeCheck = 0720;
				ORGANIZATIONNAME = "郭毅";
				TargetAttributes = {
					28C3E4B01C439DE600F56FEF = {
						CreatedOnToolsVersion = 7.2;
					};
					28C3E4C91C439DE600F56FEF = {
						CreatedOnToolsVersion = 7.2;
						TestTargetID = 28C3E4B01C439DE600F56FEF;
					};
					28C3E4D41C439DE600F56FEF = {
						CreatedOnToolsVersion = 7.2;
						TestTargetID = 28C3E4B01C439DE600F56FEF;
					};
				};
			};
			buildConfigurationList = 28C3E4AC1C439DE600F56FEF /* Build configuration list for PBXProject "gl_3" */;
			compatibilityVersion = "Xcode 3.2";
			developmentRegion = English;
			hasScannedForEncodings = 0;
			knownRegions = (
				en,
				Base,
			);
			mainGroup = 28C3E4A81C439DE600F56FEF;
			productRefGroup = 28C3E4B21C439DE600F56FEF /* Products */;
			projectDirPath = "";
			projectRoot = "";
			targets = (
				28C3E4B01C439DE600F56FEF /* gl_3 */,
				28C3E4C91C439DE600F56FEF /* gl_3Tests */,
				28C3E4D41C439DE600F56FEF /* gl_3UITests */,
			);
		};
/* End PBXProject section */

/* Begin PBXResourcesBuildPhase section */
		28C3E4AF1C439DE600F56FEF /* Resources */ = {
			isa = PBXResourcesBuildPhase;
			buildActionMask = 2147483647;
			files = (
				28C3E4C41C439DE600F56FEF /* LaunchScreen.storyboard in Resources */,
				28C3E4C11C439DE600F56FEF /* Assets.xcassets in Resources */,
				28C3E4EE1C43A15900F56FEF /* VertexShader.glsl in Resources */,
				28C3E4BF1C439DE600F56FEF /* Main.storyboard in Resources */,
				28C3E4F01C43A16500F56FEF /* FragmentShader.glsl in Resources */,
			);
			runOnlyForDeploymentPostprocessing = 0;
		};
		28C3E4C81C439DE600F56FEF /* Resources */ = {
			isa = PBXResourcesBuildPhase;
			buildActionMask = 2147483647;
			files = (
			);
			runOnlyForDeploymentPostprocessing = 0;
		};
		28C3E4D31C439DE600F56FEF /* Resources */ = {
			isa = PBXResourcesBuildPhase;
			buildActionMask = 2147483647;
			files = (
			);
			runOnlyForDeploymentPostprocessing = 0;
		};
/* End PBXResourcesBuildPhase section */

/* Begin PBXSourcesBuildPhase section */
		28C3E4AD1C439DE600F56FEF /* Sources */ = {
			isa = PBXSourcesBuildPhase;
			buildActionMask = 2147483647;
			files = (
				28C3E4F91C43C8B900F56FEF /* ksMatrix.c in Sources */,
				28C3E4BC1C439DE600F56FEF /* ViewController.m in Sources */,
				28C3E4B91C439DE600F56FEF /* AppDelegate.m in Sources */,
				28C3E4B61C439DE600F56FEF /* main.m in Sources */,
				28C3E4FA1C43C8B900F56FEF /* ksVector.c in Sources */,
				28C3E4E91C439E1100F56FEF /* OpenGLView.m in Sources */,
				28C3E4F81C43C8B900F56FEF /* GLESUtils.m in Sources */,
				28C3E4EC1C439E4F00F56FEF /* ShaderManager.m in Sources */,
			);
			runOnlyForDeploymentPostprocessing = 0;
		};
		28C3E4C61C439DE600F56FEF /* Sources */ = {
			isa = PBXSourcesBuildPhase;
			buildActionMask = 2147483647;
			files = (
				28C3E4CF1C439DE600F56FEF /* gl_3Tests.m in Sources */,
			);
			runOnlyForDeploymentPostprocessing = 0;
		};
		28C3E4D11C439DE600F56FEF /* Sources */ = {
			isa = PBXSourcesBuildPhase;
			buildActionMask = 2147483647;
			files = (
				28C3E4DA1C439DE600F56FEF /* gl_3UITests.m in Sources */,
			);
			runOnlyForDeploymentPostprocessing = 0;
		};
/* End PBXSourcesBuildPhase section */

/* Begin PBXTargetDependency section */
		28C3E4CC1C439DE600F56FEF /* PBXTargetDependency */ = {
			isa = PBXTargetDependency;
			target = 28C3E4B01C439DE600F56FEF /* gl_3 */;
			targetProxy = 28C3E4CB1C439DE600F56FEF /* PBXContainerItemProxy */;
		};
		28C3E4D71C439DE600F56FEF /* PBXTargetDependency */ = {
			isa = PBXTargetDependency;
			target = 28C3E4B01C439DE600F56FEF /* gl_3 */;
			targetProxy = 28C3E4D61C439DE600F56FEF /* PBXContainerItemProxy */;
		};
/* End PBXTargetDependency section */

/* Begin PBXVariantGroup section */
		28C3E4BD1C439DE600F56FEF /* Main.storyboard */ = {
			isa = PBXVariantGroup;
			children = (
				28C3E4BE1C439DE600F56FEF /* Base */,
			);
			name = Main.storyboard;
			sourceTree = "<group>";
		};
		28C3E4C21C439DE600F56FEF /* LaunchScreen.storyboard */ = {
			isa = PBXVariantGroup;
			children = (
				28C3E4C31C439DE600F56FEF /* Base */,
			);
			name = LaunchScreen.storyboard;
			sourceTree = "<group>";
		};
/* End PBXVariantGroup section */

/* Begin XCBuildConfiguration section */
		28C3E4DC1C439DE600F56FEF /* Debug */ = {
			isa = XCBuildConfiguration;
			buildSettings = {
				ALWAYS_SEARCH_USER_PATHS = NO;
				CLANG_CXX_LANGUAGE_STANDARD = "gnu++0x";
				CLANG_CXX_LIBRARY = "libc++";
				CLANG_ENABLE_MODULES = YES;
				CLANG_ENABLE_OBJC_ARC = YES;
				CLANG_WARN_BOOL_CONVERSION = YES;
				CLANG_WARN_CONSTANT_CONVERSION = YES;
				CLANG_WARN_DIRECT_OBJC_ISA_USAGE = YES_ERROR;
				CLANG_WARN_EMPTY_BODY = YES;
				CLANG_WARN_ENUM_CONVERSION = YES;
				CLANG_WARN_INT_CONVERSION = YES;
				CLANG_WARN_OBJC_ROOT_CLASS = YES_ERROR;
				CLANG_WARN_UNREACHABLE_CODE = YES;
				CLANG_WARN__DUPLICATE_METHOD_MATCH = YES;
				"CODE_SIGN_IDENTITY[sdk=iphoneos*]" = "iPhone Developer";
				COPY_PHASE_STRIP = NO;
				DEBUG_INFORMATION_FORMAT = dwarf;
				ENABLE_STRICT_OBJC_MSGSEND = YES;
				ENABLE_TESTABILITY = YES;
				GCC_C_LANGUAGE_STANDARD = gnu99;
				GCC_DYNAMIC_NO_PIC = NO;
				GCC_NO_COMMON_BLOCKS = YES;
				GCC_OPTIMIZATION_LEVEL = 0;
				GCC_PREPROCESSOR_DEFINITIONS = (
					"DEBUG=1",
					"$(inherited)",
				);
				GCC_WARN_64_TO_32_BIT_CONVERSION = YES;
				GCC_WARN_ABOUT_RETURN_TYPE = YES_ERROR;
				GCC_WARN_UNDECLARED_SELECTOR = YES;
				GCC_WARN_UNINITIALIZED_AUTOS = YES_AGGRESSIVE;
				GCC_WARN_UNUSED_FUNCTION = YES;
				GCC_WARN_UNUSED_VARIABLE = YES;
				IPHONEOS_DEPLOYMENT_TARGET = 9.2;
				MTL_ENABLE_DEBUG_INFO = YES;
				ONLY_ACTIVE_ARCH = YES;
				SDKROOT = iphoneos;
				TARGETED_DEVICE_FAMILY = "1,2";
			};
			name = Debug;
		};
		28C3E4DD1C439DE600F56FEF /* Release */ = {
			isa = XCBuildConfiguration;
			buildSettings = {
				ALWAYS_SEARCH_USER_PATHS = NO;
				CLANG_CXX_LANGUAGE_STANDARD = "gnu++0x";
				CLANG_CXX_LIBRARY = "libc++";
				CLANG_ENABLE_MODULES = YES;
				CLANG_ENABLE_OBJC_ARC = YES;
				CLANG_WARN_BOOL_CONVERSION = YES;
				CLANG_WARN_CONSTANT_CONVERSION = YES;
				CLANG_WARN_DIRECT_OBJC_ISA_USAGE = YES_ERROR;
				CLANG_WARN_EMPTY_BODY = YES;
				CLANG_WARN_ENUM_CONVERSION = YES;
				CLANG_WARN_INT_CONVERSION = YES;
				CLANG_WARN_OBJC_ROOT_CLASS = YES_ERROR;
				CLANG_WARN_UNREACHABLE_CODE = YES;
				CLANG_WARN__DUPLICATE_METHOD_MATCH = YES;
				"CODE_SIGN_IDENTITY[sdk=iphoneos*]" = "iPhone Developer";
				COPY_PHASE_STRIP = NO;
				DEBUG_INFORMATION_FORMAT = "dwarf-with-dsym";
				ENABLE_NS_ASSERTIONS = NO;
				ENABLE_STRICT_OBJC_MSGSEND = YES;
				GCC_C_LANGUAGE_STANDARD = gnu99;
				GCC_NO_COMMON_BLOCKS = YES;
				GCC_WARN_64_TO_32_BIT_CONVERSION = YES;
				GCC_WARN_ABOUT_RETURN_TYPE = YES_ERROR;
				GCC_WARN_UNDECLARED_SELECTOR = YES;
				GCC_WARN_UNINITIALIZED_AUTOS = YES_AGGRESSIVE;
				GCC_WARN_UNUSED_FUNCTION = YES;
				GCC_WARN_UNUSED_VARIABLE = YES;
				IPHONEOS_DEPLOYMENT_TARGET = 9.2;
				MTL_ENABLE_DEBUG_INFO = NO;
				SDKROOT = iphoneos;
				TARGETED_DEVICE_FAMILY = "1,2";
				VALIDATE_PRODUCT = YES;
			};
			name = Release;
		};
		28C3E4DF1C439DE600F56FEF /* Debug */ = {
			isa = XCBuildConfiguration;
			buildSettings = {
				ASSETCATALOG_COMPILER_APPICON_NAME = AppIcon;
				INFOPLIST_FILE = gl_3/Info.plist;
				IPHONEOS_DEPLOYMENT_TARGET = 6.0;
				LD_RUNPATH_SEARCH_PATHS = "$(inherited) @executable_path/Frameworks";
				PRODUCT_BUNDLE_IDENTIFIER = "com.gl-3";
				PRODUCT_NAME = "$(TARGET_NAME)";
			};
			name = Debug;
		};
		28C3E4E01C439DE600F56FEF /* Release */ = {
			isa = XCBuildConfiguration;
			buildSettings = {
				ASSETCATALOG_COMPILER_APPICON_NAME = AppIcon;
				INFOPLIST_FILE = gl_3/Info.plist;
				IPHONEOS_DEPLOYMENT_TARGET = 6.0;
				LD_RUNPATH_SEARCH_PATHS = "$(inherited) @executable_path/Frameworks";
				PRODUCT_BUNDLE_IDENTIFIER = "com.gl-3";
				PRODUCT_NAME = "$(TARGET_NAME)";
			};
			name = Release;
		};
		28C3E4E21C439DE600F56FEF /* Debug */ = {
			isa = XCBuildConfiguration;
			buildSettings = {
				BUNDLE_LOADER = "$(TEST_HOST)";
				INFOPLIST_FILE = gl_3Tests/Info.plist;
				LD_RUNPATH_SEARCH_PATHS = "$(inherited) @executable_path/Frameworks @loader_path/Frameworks";
				PRODUCT_BUNDLE_IDENTIFIER = "com.gl-3Tests";
				PRODUCT_NAME = "$(TARGET_NAME)";
				TEST_HOST = "$(BUILT_PRODUCTS_DIR)/gl_3.app/gl_3";
			};
			name = Debug;
		};
		28C3E4E31C439DE600F56FEF /* Release */ = {
			isa = XCBuildConfiguration;
			buildSettings = {
				BUNDLE_LOADER = "$(TEST_HOST)";
				INFOPLIST_FILE = gl_3Tests/Info.plist;
				LD_RUNPATH_SEARCH_PATHS = "$(inherited) @executable_path/Frameworks @loader_path/Frameworks";
				PRODUCT_BUNDLE_IDENTIFIER = "com.gl-3Tests";
				PRODUCT_NAME = "$(TARGET_NAME)";
				TEST_HOST = "$(BUILT_PRODUCTS_DIR)/gl_3.app/gl_3";
			};
			name = Release;
		};
		28C3E4E51C439DE600F56FEF /* Debug */ = {
			isa = XCBuildConfiguration;
			buildSettings = {
				INFOPLIST_FILE = gl_3UITests/Info.plist;
				LD_RUNPATH_SEARCH_PATHS = "$(inherited) @executable_path/Frameworks @loader_path/Frameworks";
				PRODUCT_BUNDLE_IDENTIFIER = "com.gl-3UITests";
				PRODUCT_NAME = "$(TARGET_NAME)";
				TEST_TARGET_NAME = gl_3;
				USES_XCTRUNNER = YES;
			};
			name = Debug;
		};
		28C3E4E61C439DE600F56FEF /* Release */ = {
			isa = XCBuildConfiguration;
			buildSettings = {
				INFOPLIST_FILE = gl_3UITests/Info.plist;
				LD_RUNPATH_SEARCH_PATHS = "$(inherited) @executable_path/Frameworks @loader_path/Frameworks";
				PRODUCT_BUNDLE_IDENTIFIER = "com.gl-3UITests";
				PRODUCT_NAME = "$(TARGET_NAME)";
				TEST_TARGET_NAME = gl_3;
				USES_XCTRUNNER = YES;
			};
			name = Release;
		};
/* End XCBuildConfiguration section */

/* Begin XCConfigurationList section */
		28C3E4AC1C439DE600F56FEF /* Build configuration list for PBXProject "gl_3" */ = {
			isa = XCConfigurationList;
			buildConfigurations = (
				28C3E4DC1C439DE600F56FEF /* Debug */,
				28C3E4DD1C439DE600F56FEF /* Release */,
			);
			defaultConfigurationIsVisible = 0;
			defaultConfigurationName = Release;
		};
		28C3E4DE1C439DE600F56FEF /* Build configuration list for PBXNativeTarget "gl_3" */ = {
			isa = XCConfigurationList;
			buildConfigurations = (
				28C3E4DF1C439DE600F56FEF /* Debug */,
				28C3E4E01C439DE600F56FEF /* Release */,
			);
			defaultConfigurationIsVisible = 0;
		};
		28C3E4E11C439DE600F56FEF /* Build configuration list for PBXNativeTarget "gl_3Tests" */ = {
			isa = XCConfigurationList;
			buildConfigurations = (
				28C3E4E21C439DE600F56FEF /* Debug */,
				28C3E4E31C439DE600F56FEF /* Release */,
			);
			defaultConfigurationIsVisible = 0;
		};
		28C3E4E41C439DE600F56FEF /* Build configuration list for PBXNativeTarget "gl_3UITests" */ = {
			isa = XCConfigurationList;
			buildConfigurations = (
				28C3E4E51C439DE600F56FEF /* Debug */,
				28C3E4E61C439DE600F56FEF /* Release */,
			);
			defaultConfigurationIsVisible = 0;
		};
/* End XCConfigurationList section */
	};
	rootObject = 28C3E4A91C439DE600F56FEF /* Project object */;
}
